
Microsoft Visual Studio Solution File, Format Version 12.00
# Visual Studio 2013
VisualStudioVersion = 12.0.21005.1
MinimumVisualStudioVersion = 10.0.40219.1
Project("{262852C6-CD72-467D-83FE-5EEB1973A190}") = "windows8.1", "windows8.1.jsproj", "{BAF660B6-A72E-429E-A55C-725E170E06CD}"
EndProject
Global
	GlobalSection(SolutionConfigurationPlatforms) = preSolution
		Debug|Any CPU = Debug|Any CPU
		Debug|ARM = Debug|ARM
		Debug|x64 = Debug|x64
		Debug|x86 = Debug|x86
		Release|Any CPU = Release|Any CPU
		Release|ARM = Release|ARM
		Release|x64 = Release|x64
		Release|x86 = Release|x86
	EndGlobalSection
	GlobalSection(ProjectConfigurationPlatforms) = postSolution
		{95288E3A-259F-4A9B-9969-53F130D22F02}.Debug|Any CPU.ActiveCfg = Debug|Any CPU
		{95288E3A-259F-4A9B-9969-53F130D22F02}.Debug|Any CPU.Build.0 = Debug|Any CPU
		{95288E3A-259F-4A9B-9969-53F130D22F02}.Debug|Any CPU.Deploy.0 = Debug|Any CPU
		{95288E3A-259F-4A9B-9969-53F130D22F02}.Debug|ARM.ActiveCfg = Debug|ARM
		{95288E3A-259F-4A9B-9969-53F130D22F02}.Debug|ARM.Build.0 = Debug|ARM
		{95288E3A-259F-4A9B-9969-53F130D22F02}.Debug|ARM.Deploy.0 = Debug|ARM
		{95288E3A-259F-4A9B-9969-53F130D22F02}.Debug|x64.ActiveCfg = Debug|x64
		{95288E3A-259F-4A9B-9969-53F130D22F02}.Debug|x64.Build.0 = Debug|x64
		{95288E3A-259F-4A9B-9969-53F130D22F02}.Debug|x64.Deploy.0 = Debug|x64
		{95288E3A-259F-4A9B-9969-53F130D22F02}.Debug|x86.ActiveCfg = Debug|x86
		{95288E3A-259F-4A9B-9969-53F130D22F02}.Debug|x86.Build.0 = Debug|x86
		{95288E3A-259F-4A9B-9969-53F130D22F02}.Debug|x86.Deploy.0 = Debug|x86
		{95288E3A-259F-4A9B-9969-53F130D22F02}.Release|Any CPU.ActiveCfg = Release|Any CPU
		{95288E3A-259F-4A9B-9969-53F130D22F02}.Release|Any CPU.Build.0 = Release|Any CPU
		{95288E3A-259F-4A9B-9969-53F130D22F02}.Release|Any CPU.Deploy.0 = Release|Any CPU
		{95288E3A-259F-4A9B-9969-53F130D22F02}.Release|ARM.ActiveCfg = Release|ARM
		{95288E3A-259F-4A9B-9969-53F130D22F02}.Release|ARM.Build.0 = Release|ARM
		{95288E3A-259F-4A9B-9969-53F130D22F02}.Release|ARM.Deploy.0 = Release|ARM
		{95288E3A-259F-4A9B-9969-53F130D22F02}.Release|x64.ActiveCfg = Release|x64
		{95288E3A-259F-4A9B-9969-53F130D22F02}.Release|x64.Build.0 = Release|x64
		{95288E3A-259F-4A9B-9969-53F130D22F02}.Release|x64.Deploy.0 = Release|x64
		{95288E3A-259F-4A9B-9969-53F130D22F02}.Release|x86.ActiveCfg = Release|x86
		{95288E3A-259F-4A9B-9969-53F130D22F02}.Release|x86.Build.0 = Release|x86
		{95288E3A-259F-4A9B-9969-53F130D22F02}.Release|x86.Deploy.0 = Release|x86
		{BAF660B6-A72E-429E-A55C-725E170E06CD}.Debug|Any CPU.ActiveCfg = Debug|Any CPU
		{BAF660B6-A72E-429E-A55C-725E170E06CD}.Debug|Any CPU.Build.0 = Debug|Any CPU
		{BAF660B6-A72E-429E-A55C-725E170E06CD}.Debug|Any CPU.Deploy.0 = Debug|Any CPU
		{BAF660B6-A72E-429E-A55C-725E170E06CD}.Debug|ARM.ActiveCfg = Debug|ARM
		{BAF660B6-A72E-429E-A55C-725E170E06CD}.Debug|ARM.Build.0 = Debug|ARM
		{BAF660B6-A72E-429E-A55C-725E170E06CD}.Debug|ARM.Deploy.0 = Debug|ARM
		{BAF660B6-A72E-429E-A55C-725E170E06CD}.Debug|x64.ActiveCfg = Debug|x64
		{BAF660B6-A72E-429E-A55C-725E170E06CD}.Debug|x64.Build.0 = Debug|x64
		{BAF660B6-A72E-429E-A55C-725E170E06CD}.Debug|x64.Deploy.0 = Debug|x64
		{BAF660B6-A72E-429E-A55C-725E170E06CD}.Debug|x86.ActiveCfg = Debug|x86
		{BAF660B6-A72E-429E-A55C-725E170E06CD}.Debug|x86.Build.0 = Debug|x86
		{BAF660B6-A72E-429E-A55C-725E170E06CD}.Debug|x86.Deploy.0 = Debug|x86
		{BAF660B6-A72E-429E-A55C-725E170E06CD}.Release|Any CPU.ActiveCfg = Release|Any CPU
		{BAF660B6-A72E-429E-A55C-725E170E06CD}.Release|Any CPU.Build.0 = Release|Any CPU
		{BAF660B6-A72E-429E-A55C-725E170E06CD}.Release|Any CPU.Deploy.0 = Release|Any CPU
		{BAF660B6-A72E-429E-A55C-725E170E06CD}.Release|ARM.ActiveCfg = Release|ARM
		{BAF660B6-A72E-429E-A55C-725E170E06CD}.Release|ARM.Build.0 = Release|ARM
		{BAF660B6-A72E-429E-A55C-725E170E06CD}.Release|ARM.Deploy.0 = Release|ARM
		{BAF660B6-A72E-429E-A55C-725E170E06CD}.Release|x64.ActiveCfg = Release|x64
		{BAF660B6-A72E-429E-A55C-725E170E06CD}.Release|x64.Build.0 = Release|x64
		{BAF660B6-A72E-429E-A55C-725E170E06CD}.Release|x64.Deploy.0 = Release|x64
		{BAF660B6-A72E-429E-A55C-725E170E06CD}.Release|x86.ActiveCfg = Release|x86
		{BAF660B6-A72E-429E-A55C-725E170E06CD}.Release|x86.Build.0 = Release|x86
		{BAF660B6-A72E-429E-A55C-725E170E06CD}.Release|x86.Deploy.0 = Release|x86
	EndGlobalSection
	GlobalSection(SolutionProperties) = preSolution
		HideSolutionNode = FALSE
	EndGlobalSection
EndGlobal
